
Microsoft Visual Studio Solution File, Format Version 12.00
Project("{FAE04EC0-301F-11D3-BF4B-00C04F79EFBC}") = "Gamess", "Gamess\Gamess.csproj", "{0BB5EDB9-C31D-4F5A-A5FA-2D4ACA6C2902}"
EndProject
Project("{FAE04EC0-301F-11D3-BF4B-00C04F79EFBC}") = "Gamesss", "Gamesss\Gamesss.csproj", "{B5CEB2B6-0AEB-4BEA-90E7-9ECA6C303CA8}"
EndProject
Global
	GlobalSection(SolutionConfigurationPlatforms) = preSolution
		Debug|Any CPU = Debug|Any CPU
		Release|Any CPU = Release|Any CPU
	EndGlobalSection
	GlobalSection(ProjectConfigurationPlatforms) = postSolution
		{0BB5EDB9-C31D-4F5A-A5FA-2D4ACA6C2902}.Debug|Any CPU.ActiveCfg = Debug|Any CPU
		{0BB5EDB9-C31D-4F5A-A5FA-2D4ACA6C2902}.Debug|Any CPU.Build.0 = Debug|Any CPU
		{0BB5EDB9-C31D-4F5A-A5FA-2D4ACA6C2902}.Release|Any CPU.ActiveCfg = Release|Any CPU
		{0BB5EDB9-C31D-4F5A-A5FA-2D4ACA6C2902}.Release|Any CPU.Build.0 = Release|Any CPU
		{B5CEB2B6-0AEB-4BEA-90E7-9ECA6C303CA8}.Debug|Any CPU.ActiveCfg = Debug|Any CPU
		{B5CEB2B6-0AEB-4BEA-90E7-9ECA6C303CA8}.Debug|Any CPU.Build.0 = Debug|Any CPU
		{B5CEB2B6-0AEB-4BEA-90E7-9ECA6C303CA8}.Release|Any CPU.ActiveCfg = Release|Any CPU
		{B5CEB2B6-0AEB-4BEA-90E7-9ECA6C303CA8}.Release|Any CPU.Build.0 = Release|Any CPU
	EndGlobalSection
EndGlobal
